
Microsoft Visual Studio Solution File, Format Version 12.00
# Visual Studio 15
VisualStudioVersion = 15.0.27703.2035
MinimumVisualStudioVersion = 10.0.40219.1
Project("{FAE04EC0-301F-11D3-BF4B-00C04F79EFBC}") = "PartyInvites", "PartyInvites\PartyInvites.csproj", "{84926242-1A80-497F-A874-40114E636828}"
EndProject
Global
	GlobalSection(SolutionConfigurationPlatforms) = preSolution
		Debug|Any CPU = Debug|Any CPU
		Release|Any CPU = Release|Any CPU
	EndGlobalSection
	GlobalSection(ProjectConfigurationPlatforms) = postSolution
		{84926242-1A80-497F-A874-40114E636828}.Debug|Any CPU.ActiveCfg = Debug|Any CPU
		{84926242-1A80-497F-A874-40114E636828}.Debug|Any CPU.Build.0 = Debug|Any CPU
		{84926242-1A80-497F-A874-40114E636828}.Release|Any CPU.ActiveCfg = Release|Any CPU
		{84926242-1A80-497F-A874-40114E636828}.Release|Any CPU.Build.0 = Release|Any CPU
	EndGlobalSection
	GlobalSection(SolutionProperties) = preSolution
		HideSolutionNode = FALSE
	EndGlobalSection
	GlobalSection(ExtensibilityGlobals) = postSolution
		SolutionGuid = {44587311-0C3A-4695-A3B9-22C6EF4FD9DB}
	EndGlobalSection
EndGlobal
